// !$*UTF8*$!
{
	archiveVersion = 1;
	classes = {
	};
	objectVersion = 50;
	objects = {

/* Begin PBXBuildFile section */
		BCA20DCA216F37EF00AF8F8F /* AppDelegate.swift in Sources */ = {isa = PBXBuildFile; fileRef = BCA20DC9216F37EF00AF8F8F /* AppDelegate.swift */; };
		BCA20DCC216F37EF00AF8F8F /* ViewController.swift in Sources */ = {isa = PBXBuildFile; fileRef = BCA20DCB216F37EF00AF8F8F /* ViewController.swift */; };
		BCA20DCF216F37EF00AF8F8F /* Main.storyboard in Resources */ = {isa = PBXBuildFile; fileRef = BCA20DCD216F37EF00AF8F8F /* Main.storyboard */; };
		BCA20DD1216F37F100AF8F8F /* Assets.xcassets in Resources */ = {isa = PBXBuildFile; fileRef = BCA20DD0216F37F100AF8F8F /* Assets.xcassets */; };
		BCA20DD4216F37F100AF8F8F /* LaunchScreen.storyboard in Resources */ = {isa = PBXBuildFile; fileRef = BCA20DD2216F37F100AF8F8F /* LaunchScreen.storyboard */; };
		BCA20DDF216F37F100AF8F8F /* KKSPTests.swift in Sources */ = {isa = PBXBuildFile; fileRef = BCA20DDE216F37F100AF8F8F /* KKSPTests.swift */; };
		BCA20DEA216F37F100AF8F8F /* KKSPUITests.swift in Sources */ = {isa = PBXBuildFile; fileRef = BCA20DE9216F37F100AF8F8F /* KKSPUITests.swift */; };
/* End PBXBuildFile section */

/* Begin PBXContainerItemProxy section */
		BCA20DDB216F37F100AF8F8F /* PBXContainerItemProxy */ = {
			isa = PBXContainerItemProxy;
			containerPortal = BCA20DBE216F37EF00AF8F8F /* Project object */;
			proxyType = 1;
			remoteGlobalIDString = BCA20DC5216F37EF00AF8F8F;
			remoteInfo = KKSP;
		};
		BCA20DE6216F37F100AF8F8F /* PBXContainerItemProxy */ = {
			isa = PBXContainerItemProxy;
			containerPortal = BCA20DBE216F37EF00AF8F8F /* Project object */;
			proxyType = 1;
			remoteGlobalIDString = BCA20DC5216F37EF00AF8F8F;
			remoteInfo = KKSP;
		};
/* End PBXContainerItemProxy section */

/* Begin PBXFileReference section */
		BCA20DC6216F37EF00AF8F8F /* KKSP.app */ = {isa = PBXFileReference; explicitFileType = wrapper.application; includeInIndex = 0; path = KKSP.app; sourceTree = BUILT_PRODUCTS_DIR; };
		BCA20DC9216F37EF00AF8F8F /* AppDelegate.swift */ = {isa = PBXFileReference; lastKnownFileType = sourcecode.swift; path = AppDelegate.swift; sourceTree = "<group>"; };
		BCA20DCB216F37EF00AF8F8F /* ViewController.swift */ = {isa = PBXFileReference; lastKnownFileType = sourcecode.swift; path = ViewController.swift; sourceTree = "<group>"; };
		BCA20DCE216F37EF00AF8F8F /* Base */ = {isa = PBXFileReference; lastKnownFileType = file.storyboard; name = Base; path = Base.lproj/Main.storyboard; sourceTree = "<group>"; };
		BCA20DD0216F37F100AF8F8F /* Assets.xcassets */ = {isa = PBXFileReference; lastKnownFileType = folder.assetcatalog; path = Assets.xcassets; sourceTree = "<group>"; };
		BCA20DD3216F37F100AF8F8F /* Base */ = {isa = PBXFileReference; lastKnownFileType = file.storyboard; name = Base; path = Base.lproj/LaunchScreen.storyboard; sourceTree = "<group>"; };
		BCA20DD5216F37F100AF8F8F /* Info.plist */ = {isa = PBXFileReference; lastKnownFileType = text.plist.xml; path = Info.plist; sourceTree = "<group>"; };
		BCA20DDA216F37F100AF8F8F /* KKSPTests.xctest */ = {isa = PBXFileReference; explicitFileType = wrapper.cfbundle; includeInIndex = 0; path = KKSPTests.xctest; sourceTree = BUILT_PRODUCTS_DIR; };
		BCA20DDE216F37F100AF8F8F /* KKSPTests.swift */ = {isa = PBXFileReference; lastKnownFileType = sourcecode.swift; path = KKSPTests.swift; sourceTree = "<group>"; };
		BCA20DE0216F37F100AF8F8F /* Info.plist */ = {isa = PBXFileReference; lastKnownFileType = text.plist.xml; path = Info.plist; sourceTree = "<group>"; };
		BCA20DE5216F37F100AF8F8F /* KKSPUITests.xctest */ = {isa = PBXFileReference; explicitFileType = wrapper.cfbundle; includeInIndex = 0; path = KKSPUITests.xctest; sourceTree = BUILT_PRODUCTS_DIR; };
		BCA20DE9216F37F100AF8F8F /* KKSPUITests.swift */ = {isa = PBXFileReference; lastKnownFileType = sourcecode.swift; path = KKSPUITests.swift; sourceTree = "<group>"; };
		BCA20DEB216F37F100AF8F8F /* Info.plist */ = {isa = PBXFileReference; lastKnownFileType = text.plist.xml; path = Info.plist; sourceTree = "<group>"; };
/* End PBXFileReference section */

/* Begin PBXFrameworksBuildPhase section */
		BCA20DC3216F37EF00AF8F8F /* Frameworks */ = {
			isa = PBXFrameworksBuildPhase;
			buildActionMask = 2147483647;
			files = (
			);
			runOnlyForDeploymentPostprocessing = 0;
		};
		BCA20DD7216F37F100AF8F8F /* Frameworks */ = {
			isa = PBXFrameworksBuildPhase;
			buildActionMask = 2147483647;
			files = (
			);
			runOnlyForDeploymentPostprocessing = 0;
		};
		BCA20DE2216F37F100AF8F8F /* Frameworks */ = {
			isa = PBXFrameworksBuildPhase;
			buildActionMask = 2147483647;
			files = (
			);
			runOnlyForDeploymentPostprocessing = 0;
		};
/* End PBXFrameworksBuildPhase section */

/* Begin PBXGroup section */
		BCA20DBD216F37EF00AF8F8F = {
			isa = PBXGroup;
			children = (
				BCA20DC8216F37EF00AF8F8F /* KKSP */,
				BCA20DDD216F37F100AF8F8F /* KKSPTests */,
				BCA20DE8216F37F100AF8F8F /* KKSPUITests */,
				BCA20DC7216F37EF00AF8F8F /* Products */,
			);
			sourceTree = "<group>";
		};
		BCA20DC7216F37EF00AF8F8F /* Products */ = {
			isa = PBXGroup;
			children = (
				BCA20DC6216F37EF00AF8F8F /* KKSP.app */,
				BCA20DDA216F37F100AF8F8F /* KKSPTests.xctest */,
				BCA20DE5216F37F100AF8F8F /* KKSPUITests.xctest */,
			);
			name = Products;
			sourceTree = "<group>";
		};
		BCA20DC8216F37EF00AF8F8F /* KKSP */ = {
			isa = PBXGroup;
			children = (
				BCA20DC9216F37EF00AF8F8F /* AppDelegate.swift */,
				BCA20DCB216F37EF00AF8F8F /* ViewController.swift */,
				BCA20DCD216F37EF00AF8F8F /* Main.storyboard */,
				BCA20DD0216F37F100AF8F8F /* Assets.xcassets */,
				BCA20DD2216F37F100AF8F8F /* LaunchScreen.storyboard */,
				BCA20DD5216F37F100AF8F8F /* Info.plist */,
			);
			path = KKSP;
			sourceTree = "<group>";
		};
		BCA20DDD216F37F100AF8F8F /* KKSPTests */ = {
			isa = PBXGroup;
			children = (
				BCA20DDE216F37F100AF8F8F /* KKSPTests.swift */,
				BCA20DE0216F37F100AF8F8F /* Info.plist */,
			);
			path = KKSPTests;
			sourceTree = "<group>";
		};
		BCA20DE8216F37F100AF8F8F /* KKSPUITests */ = {
			isa = PBXGroup;
			children = (
				BCA20DE9216F37F100AF8F8F /* KKSPUITests.swift */,
				BCA20DEB216F37F100AF8F8F /* Info.plist */,
			);
			path = KKSPUITests;
			sourceTree = "<group>";
		};
/* End PBXGroup section */

/* Begin PBXNativeTarget section */
		BCA20DC5216F37EF00AF8F8F /* KKSP */ = {
			isa = PBXNativeTarget;
			buildConfigurationList = BCA20DEE216F37F100AF8F8F /* Build configuration list for PBXNativeTarget "KKSP" */;
			buildPhases = (
				BCA20DC2216F37EF00AF8F8F /* Sources */,
				BCA20DC3216F37EF00AF8F8F /* Frameworks */,
				BCA20DC4216F37EF00AF8F8F /* Resources */,
			);
			buildRules = (
			);
			dependencies = (
			);
			name = KKSP;
			productName = KKSP;
			productReference = BCA20DC6216F37EF00AF8F8F /* KKSP.app */;
			productType = "com.apple.product-type.application";
		};
		BCA20DD9216F37F100AF8F8F /* KKSPTests */ = {
			isa = PBXNativeTarget;
			buildConfigurationList = BCA20DF1216F37F100AF8F8F /* Build configuration list for PBXNativeTarget "KKSPTests" */;
			buildPhases = (
				BCA20DD6216F37F100AF8F8F /* Sources */,
				BCA20DD7216F37F100AF8F8F /* Frameworks */,
				BCA20DD8216F37F100AF8F8F /* Resources */,
			);
			buildRules = (
			);
			dependencies = (
				BCA20DDC216F37F100AF8F8F /* PBXTargetDependency */,
			);
			name = KKSPTests;
			productName = KKSPTests;
			productReference = BCA20DDA216F37F100AF8F8F /* KKSPTests.xctest */;
			productType = "com.apple.product-type.bundle.unit-test";
		};
		BCA20DE4216F37F100AF8F8F /* KKSPUITests */ = {
			isa = PBXNativeTarget;
			buildConfigurationList = BCA20DF4216F37F100AF8F8F /* Build configuration list for PBXNativeTarget "KKSPUITests" */;
			buildPhases = (
				BCA20DE1216F37F100AF8F8F /* Sources */,
				BCA20DE2216F37F100AF8F8F /* Frameworks */,
				BCA20DE3216F37F100AF8F8F /* Resources */,
			);
			buildRules = (
			);
			dependencies = (
				BCA20DE7216F37F100AF8F8F /* PBXTargetDependency */,
			);
			name = KKSPUITests;
			productName = KKSPUITests;
			productReference = BCA20DE5216F37F100AF8F8F /* KKSPUITests.xctest */;
			productType = "com.apple.product-type.bundle.ui-testing";
		};
/* End PBXNativeTarget section */

/* Begin PBXProject section */
		BCA20DBE216F37EF00AF8F8F /* Project object */ = {
			isa = PBXProject;
			attributes = {
				LastSwiftUpdateCheck = 1000;
				LastUpgradeCheck = 1000;
				ORGANIZATIONNAME = "李荣贵";
				TargetAttributes = {
					BCA20DC5216F37EF00AF8F8F = {
						CreatedOnToolsVersion = 10.0;
					};
					BCA20DD9216F37F100AF8F8F = {
						CreatedOnToolsVersion = 10.0;
						TestTargetID = BCA20DC5216F37EF00AF8F8F;
					};
					BCA20DE4216F37F100AF8F8F = {
						CreatedOnToolsVersion = 10.0;
						TestTargetID = BCA20DC5216F37EF00AF8F8F;
					};
				};
			};
			buildConfigurationList = BCA20DC1216F37EF00AF8F8F /* Build configuration list for PBXProject "KKSP" */;
			compatibilityVersion = "Xcode 9.3";
			developmentRegion = en;
			hasScannedForEncodings = 0;
			knownRegions = (
				en,
				Base,
			);
			mainGroup = BCA20DBD216F37EF00AF8F8F;
			productRefGroup = BCA20DC7216F37EF00AF8F8F /* Products */;
			projectDirPath = "";
			projectRoot = "";
			targets = (
				BCA20DC5216F37EF00AF8F8F /* KKSP */,
				BCA20DD9216F37F100AF8F8F /* KKSPTests */,
				BCA20DE4216F37F100AF8F8F /* KKSPUITests */,
			);
		};
/* End PBXProject section */

/* Begin PBXResourcesBuildPhase section */
		BCA20DC4216F37EF00AF8F8F /* Resources */ = {
			isa = PBXResourcesBuildPhase;
			buildActionMask = 2147483647;
			files = (
				BCA20DD4216F37F100AF8F8F /* LaunchScreen.storyboard in Resources */,
				BCA20DD1216F37F100AF8F8F /* Assets.xcassets in Resources */,
				BCA20DCF216F37EF00AF8F8F /* Main.storyboard in Resources */,
			);
			runOnlyForDeploymentPostprocessing = 0;
		};
		BCA20DD8216F37F100AF8F8F /* Resources */ = {
			isa = PBXResourcesBuildPhase;
			buildActionMask = 2147483647;
			files = (
			);
			runOnlyForDeploymentPostprocessing = 0;
		};
		BCA20DE3216F37F100AF8F8F /* Resources */ = {
			isa = PBXResourcesBuildPhase;
			buildActionMask = 2147483647;
			files = (
			);
			runOnlyForDeploymentPostprocessing = 0;
		};
/* End PBXResourcesBuildPhase section */

/* Begin PBXSourcesBuildPhase section */
		BCA20DC2216F37EF00AF8F8F /* Sources */ = {
			isa = PBXSourcesBuildPhase;
			buildActionMask = 2147483647;
			files = (
				BCA20DCC216F37EF00AF8F8F /* ViewController.swift in Sources */,
				BCA20DCA216F37EF00AF8F8F /* AppDelegate.swift in Sources */,
			);
			runOnlyForDeploymentPostprocessing = 0;
		};
		BCA20DD6216F37F100AF8F8F /* Sources */ = {
			isa = PBXSourcesBuildPhase;
			buildActionMask = 2147483647;
			files = (
				BCA20DDF216F37F100AF8F8F /* KKSPTests.swift in Sources */,
			);
			runOnlyForDeploymentPostprocessing = 0;
		};
		BCA20DE1216F37F100AF8F8F /* Sources */ = {
			isa = PBXSourcesBuildPhase;
			buildActionMask = 2147483647;
			files = (
				BCA20DEA216F37F100AF8F8F /* KKSPUITests.swift in Sources */,
			);
			runOnlyForDeploymentPostprocessing = 0;
		};
/* End PBXSourcesBuildPhase section */

/* Begin PBXTargetDependency section */
		BCA20DDC216F37F100AF8F8F /* PBXTargetDependency */ = {
			isa = PBXTargetDependency;
			target = BCA20DC5216F37EF00AF8F8F /* KKSP */;
			targetProxy = BCA20DDB216F37F100AF8F8F /* PBXContainerItemProxy */;
		};
		BCA20DE7216F37F100AF8F8F /* PBXTargetDependency */ = {
			isa = PBXTargetDependency;
			target = BCA20DC5216F37EF00AF8F8F /* KKSP */;
			targetProxy = BCA20DE6216F37F100AF8F8F /* PBXContainerItemProxy */;
		};
/* End PBXTargetDependency section */

/* Begin PBXVariantGroup section */
		BCA20DCD216F37EF00AF8F8F /* Main.storyboard */ = {
			isa = PBXVariantGroup;
			children = (
				BCA20DCE216F37EF00AF8F8F /* Base */,
			);
			name = Main.storyboard;
			sourceTree = "<group>";
		};
		BCA20DD2216F37F100AF8F8F /* LaunchScreen.storyboard */ = {
			isa = PBXVariantGroup;
			children = (
				BCA20DD3216F37F100AF8F8F /* Base */,
			);
			name = LaunchScreen.storyboard;
			sourceTree = "<group>";
		};
/* End PBXVariantGroup section */

/* Begin XCBuildConfiguration section */
		BCA20DEC216F37F100AF8F8F /* Debug */ = {
			isa = XCBuildConfiguration;
			buildSettings = {
				ALWAYS_SEARCH_USER_PATHS = NO;
				CLANG_ANALYZER_NONNULL = YES;
				CLANG_ANALYZER_NUMBER_OBJECT_CONVERSION = YES_AGGRESSIVE;
				CLANG_CXX_LANGUAGE_STANDARD = "gnu++14";
				CLANG_CXX_LIBRARY = "libc++";
				CLANG_ENABLE_MODULES = YES;
				CLANG_ENABLE_OBJC_ARC = YES;
				CLANG_ENABLE_OBJC_WEAK = YES;
				CLANG_WARN_BLOCK_CAPTURE_AUTORELEASING = YES;
				CLANG_WARN_BOOL_CONVERSION = YES;
				CLANG_WARN_COMMA = YES;
				CLANG_WARN_CONSTANT_CONVERSION = YES;
				CLANG_WARN_DEPRECATED_OBJC_IMPLEMENTATIONS = YES;
				CLANG_WARN_DIRECT_OBJC_ISA_USAGE = YES_ERROR;
				CLANG_WARN_DOCUMENTATION_COMMENTS = YES;
				CLANG_WARN_EMPTY_BODY = YES;
				CLANG_WARN_ENUM_CONVERSION = YES;
				CLANG_WARN_INFINITE_RECURSION = YES;
				CLANG_WARN_INT_CONVERSION = YES;
				CLANG_WARN_NON_LITERAL_NULL_CONVERSION = YES;
				CLANG_WARN_OBJC_IMPLICIT_RETAIN_SELF = YES;
				CLANG_WARN_OBJC_LITERAL_CONVERSION = YES;
				CLANG_WARN_OBJC_ROOT_CLASS = YES_ERROR;
				CLANG_WARN_RANGE_LOOP_ANALYSIS = YES;
				CLANG_WARN_STRICT_PROTOTYPES = YES;
				CLANG_WARN_SUSPICIOUS_MOVE = YES;
				CLANG_WARN_UNGUARDED_AVAILABILITY = YES_AGGRESSIVE;
				CLANG_WARN_UNREACHABLE_CODE = YES;
				CLANG_WARN__DUPLICATE_METHOD_MATCH = YES;
				CODE_SIGN_IDENTITY = "iPhone Developer";
				COPY_PHASE_STRIP = NO;
				DEBUG_INFORMATION_FORMAT = dwarf;
				ENABLE_STRICT_OBJC_MSGSEND = YES;
				ENABLE_TESTABILITY = YES;
				GCC_C_LANGUAGE_STANDARD = gnu11;
				GCC_DYNAMIC_NO_PIC = NO;
				GCC_NO_COMMON_BLOCKS = YES;
				GCC_OPTIMIZATION_LEVEL = 0;
				GCC_PREPROCESSOR_DEFINITIONS = (
					"DEBUG=1",
					"$(inherited)",
				);
				GCC_WARN_64_TO_32_BIT_CONVERSION = YES;
				GCC_WARN_ABOUT_RETURN_TYPE = YES_ERROR;
				GCC_WARN_UNDECLARED_SELECTOR = YES;
				GCC_WARN_UNINITIALIZED_AUTOS = YES_AGGRESSIVE;
				GCC_WARN_UNUSED_FUNCTION = YES;
				GCC_WARN_UNUSED_VARIABLE = YES;
				IPHONEOS_DEPLOYMENT_TARGET = 12.0;
				MTL_ENABLE_DEBUG_INFO = INCLUDE_SOURCE;
				MTL_FAST_MATH = YES;
				ONLY_ACTIVE_ARCH = YES;
				SDKROOT = iphoneos;
				SWIFT_ACTIVE_COMPILATION_CONDITIONS = DEBUG;
				SWIFT_OPTIMIZATION_LEVEL = "-Onone";
			};
			name = Debug;
		};
		BCA20DED216F37F100AF8F8F /* Release */ = {
			isa = XCBuildConfiguration;
			buildSettings = {
				ALWAYS_SEARCH_USER_PATHS = NO;
				CLANG_ANALYZER_NONNULL = YES;
				CLANG_ANALYZER_NUMBER_OBJECT_CONVERSION = YES_AGGRESSIVE;
				CLANG_CXX_LANGUAGE_STANDARD = "gnu++14";
				CLANG_CXX_LIBRARY = "libc++";
				CLANG_ENABLE_MODULES = YES;
				CLANG_ENABLE_OBJC_ARC = YES;
				CLANG_ENABLE_OBJC_WEAK = YES;
				CLANG_WARN_BLOCK_CAPTURE_AUTORELEASING = YES;
				CLANG_WARN_BOOL_CONVERSION = YES;
				CLANG_WARN_COMMA = YES;
				CLANG_WARN_CONSTANT_CONVERSION = YES;
				CLANG_WARN_DEPRECATED_OBJC_IMPLEMENTATIONS = YES;
				CLANG_WARN_DIRECT_OBJC_ISA_USAGE = YES_ERROR;
				CLANG_WARN_DOCUMENTATION_COMMENTS = YES;
				CLANG_WARN_EMPTY_BODY = YES;
				CLANG_WARN_ENUM_CONVERSION = YES;
				CLANG_WARN_INFINITE_RECURSION = YES;
				CLANG_WARN_INT_CONVERSION = YES;
				CLANG_WARN_NON_LITERAL_NULL_CONVERSION = YES;
				CLANG_WARN_OBJC_IMPLICIT_RETAIN_SELF = YES;
				CLANG_WARN_OBJC_LITERAL_CONVERSION = YES;
				CLANG_WARN_OBJC_ROOT_CLASS = YES_ERROR;
				CLANG_WARN_RANGE_LOOP_ANALYSIS = YES;
				CLANG_WARN_STRICT_PROTOTYPES = YES;
				CLANG_WARN_SUSPICIOUS_MOVE = YES;
				CLANG_WARN_UNGUARDED_AVAILABILITY = YES_AGGRESSIVE;
				CLANG_WARN_UNREACHABLE_CODE = YES;
				CLANG_WARN__DUPLICATE_METHOD_MATCH = YES;
				CODE_SIGN_IDENTITY = "iPhone Developer";
				COPY_PHASE_STRIP = NO;
				DEBUG_INFORMATION_FORMAT = "dwarf-with-dsym";
				ENABLE_NS_ASSERTIONS = NO;
				ENABLE_STRICT_OBJC_MSGSEND = YES;
				GCC_C_LANGUAGE_STANDARD = gnu11;
				GCC_NO_COMMON_BLOCKS = YES;
				GCC_WARN_64_TO_32_BIT_CONVERSION = YES;
				GCC_WARN_ABOUT_RETURN_TYPE = YES_ERROR;
				GCC_WARN_UNDECLARED_SELECTOR = YES;
				GCC_WARN_UNINITIALIZED_AUTOS = YES_AGGRESSIVE;
				GCC_WARN_UNUSED_FUNCTION = YES;
				GCC_WARN_UNUSED_VARIABLE = YES;
				IPHONEOS_DEPLOYMENT_TARGET = 12.0;
				MTL_ENABLE_DEBUG_INFO = NO;
				MTL_FAST_MATH = YES;
				SDKROOT = iphoneos;
				SWIFT_COMPILATION_MODE = wholemodule;
				SWIFT_OPTIMIZATION_LEVEL = "-O";
				VALIDATE_PRODUCT = YES;
			};
			name = Release;
		};
		BCA20DEF216F37F100AF8F8F /* Debug */ = {
			isa = XCBuildConfiguration;
			buildSettings = {
				ASSETCATALOG_COMPILER_APPICON_NAME = AppIcon;
				CODE_SIGN_STYLE = Automatic;
				INFOPLIST_FILE = KKSP/Info.plist;
				LD_RUNPATH_SEARCH_PATHS = (
					"$(inherited)",
					"@executable_path/Frameworks",
				);
				PRODUCT_BUNDLE_IDENTIFIER = com.hrtv.kkvideo.KKSP;
				PRODUCT_NAME = "$(TARGET_NAME)";
				SWIFT_VERSION = 4.2;
				TARGETED_DEVICE_FAMILY = "1,2";
			};
			name = Debug;
		};
		BCA20DF0216F37F100AF8F8F /* Release */ = {
			isa = XCBuildConfiguration;
			buildSettings = {
				ASSETCATALOG_COMPILER_APPICON_NAME = AppIcon;
				CODE_SIGN_STYLE = Automatic;
				INFOPLIST_FILE = KKSP/Info.plist;
				LD_RUNPATH_SEARCH_PATHS = (
					"$(inherited)",
					"@executable_path/Frameworks",
				);
				PRODUCT_BUNDLE_IDENTIFIER = com.hrtv.kkvideo.KKSP;
				PRODUCT_NAME = "$(TARGET_NAME)";
				SWIFT_VERSION = 4.2;
				TARGETED_DEVICE_FAMILY = "1,2";
			};
			name = Release;
		};
		BCA20DF2216F37F100AF8F8F /* Debug */ = {
			isa = XCBuildConfiguration;
			buildSettings = {
				ALWAYS_EMBED_SWIFT_STANDARD_LIBRARIES = YES;
				BUNDLE_LOADER = "$(TEST_HOST)";
				CODE_SIGN_STYLE = Automatic;
				INFOPLIST_FILE = KKSPTests/Info.plist;
				LD_RUNPATH_SEARCH_PATHS = (
					"$(inherited)",
					"@executable_path/Frameworks",
					"@loader_path/Frameworks",
				);
				PRODUCT_BUNDLE_IDENTIFIER = com.hrtv.kkvideo.KKSPTests;
				PRODUCT_NAME = "$(TARGET_NAME)";
				SWIFT_VERSION = 4.2;
				TARGETED_DEVICE_FAMILY = "1,2";
				TEST_HOST = "$(BUILT_PRODUCTS_DIR)/KKSP.app/KKSP";
			};
			name = Debug;
		};
		BCA20DF3216F37F100AF8F8F /* Release */ = {
			isa = XCBuildConfiguration;
			buildSettings = {
				ALWAYS_EMBED_SWIFT_STANDARD_LIBRARIES = YES;
				BUNDLE_LOADER = "$(TEST_HOST)";
				CODE_SIGN_STYLE = Automatic;
				INFOPLIST_FILE = KKSPTests/Info.plist;
				LD_RUNPATH_SEARCH_PATHS = (
					"$(inherited)",
					"@executable_path/Frameworks",
					"@loader_path/Frameworks",
				);
				PRODUCT_BUNDLE_IDENTIFIER = com.hrtv.kkvideo.KKSPTests;
				PRODUCT_NAME = "$(TARGET_NAME)";
				SWIFT_VERSION = 4.2;
				TARGETED_DEVICE_FAMILY = "1,2";
				TEST_HOST = "$(BUILT_PRODUCTS_DIR)/KKSP.app/KKSP";
			};
			name = Release;
		};
		BCA20DF5216F37F100AF8F8F /* Debug */ = {
			isa = XCBuildConfiguration;
			buildSettings = {
				ALWAYS_EMBED_SWIFT_STANDARD_LIBRARIES = YES;
				CODE_SIGN_STYLE = Automatic;
				INFOPLIST_FILE = KKSPUITests/Info.plist;
				LD_RUNPATH_SEARCH_PATHS = (
					"$(inherited)",
					"@executable_path/Frameworks",
					"@loader_path/Frameworks",
				);
				PRODUCT_BUNDLE_IDENTIFIER = com.hrtv.kkvideo.KKSPUITests;
				PRODUCT_NAME = "$(TARGET_NAME)";
				SWIFT_VERSION = 4.2;
				TARGETED_DEVICE_FAMILY = "1,2";
				TEST_TARGET_NAME = KKSP;
			};
			name = Debug;
		};
		BCA20DF6216F37F100AF8F8F /* Release */ = {
			isa = XCBuildConfiguration;
			buildSettings = {
				ALWAYS_EMBED_SWIFT_STANDARD_LIBRARIES = YES;
				CODE_SIGN_STYLE = Automatic;
				INFOPLIST_FILE = KKSPUITests/Info.plist;
				LD_RUNPATH_SEARCH_PATHS = (
					"$(inherited)",
					"@executable_path/Frameworks",
					"@loader_path/Frameworks",
				);
				PRODUCT_BUNDLE_IDENTIFIER = com.hrtv.kkvideo.KKSPUITests;
				PRODUCT_NAME = "$(TARGET_NAME)";
				SWIFT_VERSION = 4.2;
				TARGETED_DEVICE_FAMILY = "1,2";
				TEST_TARGET_NAME = KKSP;
			};
			name = Release;
		};
/* End XCBuildConfiguration section */

/* Begin XCConfigurationList section */
		BCA20DC1216F37EF00AF8F8F /* Build configuration list for PBXProject "KKSP" */ = {
			isa = XCConfigurationList;
			buildConfigurations = (
				BCA20DEC216F37F100AF8F8F /* Debug */,
				BCA20DED216F37F100AF8F8F /* Release */,
			);
			defaultConfigurationIsVisible = 0;
			defaultConfigurationName = Release;
		};
		BCA20DEE216F37F100AF8F8F /* Build configuration list for PBXNativeTarget "KKSP" */ = {
			isa = XCConfigurationList;
			buildConfigurations = (
				BCA20DEF216F37F100AF8F8F /* Debug */,
				BCA20DF0216F37F100AF8F8F /* Release */,
			);
			defaultConfigurationIsVisible = 0;
			defaultConfigurationName = Release;
		};
		BCA20DF1216F37F100AF8F8F /* Build configuration list for PBXNativeTarget "KKSPTests" */ = {
			isa = XCConfigurationList;
			buildConfigurations = (
				BCA20DF2216F37F100AF8F8F /* Debug */,
				BCA20DF3216F37F100AF8F8F /* Release */,
			);
			defaultConfigurationIsVisible = 0;
			defaultConfigurationName = Release;
		};
		BCA20DF4216F37F100AF8F8F /* Build configuration list for PBXNativeTarget "KKSPUITests" */ = {
			isa = XCConfigurationList;
			buildConfigurations = (
				BCA20DF5216F37F100AF8F8F /* Debug */,
				BCA20DF6216F37F100AF8F8F /* Release */,
			);
			defaultConfigurationIsVisible = 0;
			defaultConfigurationName = Release;
		};
/* End XCConfigurationList section */
	};
	rootObject = BCA20DBE216F37EF00AF8F8F /* Project object */;
}
